// !$*UTF8*$!
{
	archiveVersion = 1;
	classes = {
	};
	objectVersion = 56;
	objects = {

/* Begin PBXBuildFile section */
		1A0000000000000000001002 /* Adb.swift in Sources */ = {isa = PBXBuildFile; fileRef = 1A0000000000000000001001 /* Adb.swift */; };
		1A0000000000000000001004 /* AdbFiles.swift in Sources */ = {isa = PBXBuildFile; fileRef = 1A0000000000000000001003 /* AdbFiles.swift */; };
		1A0000000000000000001006 /* AgentSession.swift in Sources */ = {isa = PBXBuildFile; fileRef = 1A0000000000000000001005 /* AgentSession.swift */; };
		1A0000000000000000001008 /* AnnexB.swift in Sources */ = {isa = PBXBuildFile; fileRef = 1A0000000000000000001007 /* AnnexB.swift */; };
		1A000000000000000000100A /* AoaHid.swift in Sources */ = {isa = PBXBuildFile; fileRef = 1A0000000000000000001009 /* AoaHid.swift */; };
		1A000000000000000000100C /* AppBuild.swift in Sources */ = {isa = PBXBuildFile; fileRef = 1A000000000000000000100B /* AppBuild.swift */; };
		1A000000000000000000100E /* AppDelegate.swift in Sources */ = {isa = PBXBuildFile; fileRef = 1A000000000000000000100D /* AppDelegate.swift */; };
		1A0000000000000000001010 /* AppIcons.swift in Sources */ = {isa = PBXBuildFile; fileRef = 1A000000000000000000100F /* AppIcons.swift */; };
		1A0000000000000000001012 /* AppsPanel.swift in Sources */ = {isa = PBXBuildFile; fileRef = 1A0000000000000000001011 /* AppsPanel.swift */; };
		1A0000000000000000001014 /* AudioStream.swift in Sources */ = {isa = PBXBuildFile; fileRef = 1A0000000000000000001013 /* AudioStream.swift */; };
		1A0000000000000000001016 /* AvdCreator.swift in Sources */ = {isa = PBXBuildFile; fileRef = 1A0000000000000000001015 /* AvdCreator.swift */; };
		1A0000000000000000001018 /* Base128.swift in Sources */ = {isa = PBXBuildFile; fileRef = 1A0000000000000000001017 /* Base128.swift */; };
		1A000000000000000000101A /* ControlMessages.swift in Sources */ = {isa = PBXBuildFile; fileRef = 1A0000000000000000001019 /* ControlMessages.swift */; };
		1A000000000000000000101C /* ControlStrip.swift in Sources */ = {isa = PBXBuildFile; fileRef = 1A000000000000000000101B /* ControlStrip.swift */; };
		1A000000000000000000101E /* CrashesPanel.swift in Sources */ = {isa = PBXBuildFile; fileRef = 1A000000000000000000101D /* CrashesPanel.swift */; };
		1A0000000000000000001020 /* DeviceInfoPanel.swift in Sources */ = {isa = PBXBuildFile; fileRef = 1A000000000000000000101F /* DeviceInfoPanel.swift */; };
		1A0000000000000000001022 /* DeviceSidebar.swift in Sources */ = {isa = PBXBuildFile; fileRef = 1A0000000000000000001021 /* DeviceSidebar.swift */; };
		1A0000000000000000001024 /* DisplayShape.swift in Sources */ = {isa = PBXBuildFile; fileRef = 1A0000000000000000001023 /* DisplayShape.swift */; };
		1A0000000000000000001026 /* EmulatorLauncher.swift in Sources */ = {isa = PBXBuildFile; fileRef = 1A0000000000000000001025 /* EmulatorLauncher.swift */; };
		1A0000000000000000001028 /* EmulatorSession.swift in Sources */ = {isa = PBXBuildFile; fileRef = 1A0000000000000000001027 /* EmulatorSession.swift */; };
		1A000000000000000000102A /* EmulatorSetup.swift in Sources */ = {isa = PBXBuildFile; fileRef = 1A0000000000000000001029 /* EmulatorSetup.swift */; };
		1A000000000000000000102C /* FilesPanel.swift in Sources */ = {isa = PBXBuildFile; fileRef = 1A000000000000000000102B /* FilesPanel.swift */; };
		1A000000000000000000102E /* FinderMount.swift in Sources */ = {isa = PBXBuildFile; fileRef = 1A000000000000000000102D /* FinderMount.swift */; };
		1A0000000000000000001030 /* FrameRecorder.swift in Sources */ = {isa = PBXBuildFile; fileRef = 1A000000000000000000102F /* FrameRecorder.swift */; };
		1A0000000000000000001032 /* FusionTitlebar.swift in Sources */ = {isa = PBXBuildFile; fileRef = 1A0000000000000000001031 /* FusionTitlebar.swift */; };
		1A0000000000000000001034 /* FusionWindow.swift in Sources */ = {isa = PBXBuildFile; fileRef = 1A0000000000000000001033 /* FusionWindow.swift */; };
		1A0000000000000000001036 /* IconTabBar.swift in Sources */ = {isa = PBXBuildFile; fileRef = 1A0000000000000000001035 /* IconTabBar.swift */; };
		1A0000000000000000001038 /* InspectorPane.swift in Sources */ = {isa = PBXBuildFile; fileRef = 1A0000000000000000001037 /* InspectorPane.swift */; };
		1A000000000000000000103A /* LogcatPanel.swift in Sources */ = {isa = PBXBuildFile; fileRef = 1A0000000000000000001039 /* LogcatPanel.swift */; };
		1A000000000000000000103C /* LogcatWindow.swift in Sources */ = {isa = PBXBuildFile; fileRef = 1A000000000000000000103B /* LogcatWindow.swift */; };
		1A000000000000000000103E /* MirrorView.swift in Sources */ = {isa = PBXBuildFile; fileRef = 1A000000000000000000103D /* MirrorView.swift */; };
		1A0000000000000000001040 /* Palette.swift in Sources */ = {isa = PBXBuildFile; fileRef = 1A000000000000000000103F /* Palette.swift */; };
		1A0000000000000000001042 /* ReceivedTray.swift in Sources */ = {isa = PBXBuildFile; fileRef = 1A0000000000000000001041 /* ReceivedTray.swift */; };
		1A0000000000000000001044 /* ScreenWindow.swift in Sources */ = {isa = PBXBuildFile; fileRef = 1A0000000000000000001043 /* ScreenWindow.swift */; };
		1A0000000000000000001046 /* SdkCatalog.swift in Sources */ = {isa = PBXBuildFile; fileRef = 1A0000000000000000001045 /* SdkCatalog.swift */; };
		1A0000000000000000001048 /* SdkInstaller.swift in Sources */ = {isa = PBXBuildFile; fileRef = 1A0000000000000000001047 /* SdkInstaller.swift */; };
		1A000000000000000000104A /* SensorStream.swift in Sources */ = {isa = PBXBuildFile; fileRef = 1A0000000000000000001049 /* SensorStream.swift */; };
		1A000000000000000000104C /* SettingsPanel.swift in Sources */ = {isa = PBXBuildFile; fileRef = 1A000000000000000000104B /* SettingsPanel.swift */; };
		1A000000000000000000104E /* ShareInbox.swift in Sources */ = {isa = PBXBuildFile; fileRef = 1A000000000000000000104D /* ShareInbox.swift */; };
		1A0000000000000000001050 /* TCPSocket.swift in Sources */ = {isa = PBXBuildFile; fileRef = 1A000000000000000000104F /* TCPSocket.swift */; };
		1A0000000000000000001052 /* TwinView.swift in Sources */ = {isa = PBXBuildFile; fileRef = 1A0000000000000000001051 /* TwinView.swift */; };
		1A0000000000000000001054 /* VideoDecoder.swift in Sources */ = {isa = PBXBuildFile; fileRef = 1A0000000000000000001053 /* VideoDecoder.swift */; };
		1A0000000000000000001056 /* VideoPacket.swift in Sources */ = {isa = PBXBuildFile; fileRef = 1A0000000000000000001055 /* VideoPacket.swift */; };
		1A0000000000000000001058 /* VideoStream.swift in Sources */ = {isa = PBXBuildFile; fileRef = 1A0000000000000000001057 /* VideoStream.swift */; };
		1A000000000000000000105A /* main.swift in Sources */ = {isa = PBXBuildFile; fileRef = 1A0000000000000000001059 /* main.swift */; };
		1A0000000000000000008002 /* FileProviderExtension.swift in Sources */ = {isa = PBXBuildFile; fileRef = 1A0000000000000000008001 /* FileProviderExtension.swift */; };
		1A0000000000000000008004 /* PathIndex.swift in Sources */ = {isa = PBXBuildFile; fileRef = 1A0000000000000000008003 /* PathIndex.swift */; };
		1A0000000000000000008006 /* PhoneEnumerator.swift in Sources */ = {isa = PBXBuildFile; fileRef = 1A0000000000000000008005 /* PhoneEnumerator.swift */; };
		1A0000000000000000008008 /* PhoneItem.swift in Sources */ = {isa = PBXBuildFile; fileRef = 1A0000000000000000008007 /* PhoneItem.swift */; };
		1A0000000000000000008009 /* Adb.swift in Sources */ = {isa = PBXBuildFile; fileRef = 1A0000000000000000001001 /* Adb.swift */; };
		1A000000000000000000800A /* AdbFiles.swift in Sources */ = {isa = PBXBuildFile; fileRef = 1A0000000000000000001003 /* AdbFiles.swift */; };
		1A000000000000000000800B /* TCPSocket.swift in Sources */ = {isa = PBXBuildFile; fileRef = 1A000000000000000000104F /* TCPSocket.swift */; };
		1A0000000000000000002004 /* AppIcon.icns in Resources */ = {isa = PBXBuildFile; fileRef = 1A0000000000000000002003 /* AppIcon.icns */; };
		1A000000000000000000700E /* FinderMount.appex in Embed Foundation Extensions */ = {isa = PBXBuildFile; fileRef = 1A0000000000000000007003 /* FinderMount.appex */; settings = {ATTRIBUTES = (RemoveHeadersOnCopy, ); }; };
/* End PBXBuildFile section */

/* Begin PBXContainerItemProxy section */
		1A000000000000000000700D /* PBXContainerItemProxy */ = {
			isa = PBXContainerItemProxy;
			containerPortal = 1A0000000000000000003003 /* Project object */;
			proxyType = 1;
			remoteGlobalIDString = 1A0000000000000000007004;
			remoteInfo = FinderMount;
		};
/* End PBXContainerItemProxy section */

/* Begin PBXCopyFilesBuildPhase section */
		1A0000000000000000007008 /* Embed Foundation Extensions */ = {
			isa = PBXCopyFilesBuildPhase;
			buildActionMask = 2147483647;
			dstPath = "";
			dstSubfolderSpec = 13;
			files = (
				1A000000000000000000700E /* FinderMount.appex in Embed Foundation Extensions */,
			);
			name = "Embed Foundation Extensions";
			runOnlyForDeploymentPostprocessing = 0;
		};
/* End PBXCopyFilesBuildPhase section */

/* Begin PBXFileReference section */
		1A0000000000000000001001 /* Adb.swift */ = {isa = PBXFileReference; lastKnownFileType = sourcecode.swift; path = Adb.swift; sourceTree = "<group>"; };
		1A0000000000000000001003 /* AdbFiles.swift */ = {isa = PBXFileReference; lastKnownFileType = sourcecode.swift; path = AdbFiles.swift; sourceTree = "<group>"; };
		1A0000000000000000001005 /* AgentSession.swift */ = {isa = PBXFileReference; lastKnownFileType = sourcecode.swift; path = AgentSession.swift; sourceTree = "<group>"; };
		1A0000000000000000001007 /* AnnexB.swift */ = {isa = PBXFileReference; lastKnownFileType = sourcecode.swift; path = AnnexB.swift; sourceTree = "<group>"; };
		1A0000000000000000001009 /* AoaHid.swift */ = {isa = PBXFileReference; lastKnownFileType = sourcecode.swift; path = AoaHid.swift; sourceTree = "<group>"; };
		1A000000000000000000100B /* AppBuild.swift */ = {isa = PBXFileReference; lastKnownFileType = sourcecode.swift; path = AppBuild.swift; sourceTree = "<group>"; };
		1A000000000000000000100D /* AppDelegate.swift */ = {isa = PBXFileReference; lastKnownFileType = sourcecode.swift; path = AppDelegate.swift; sourceTree = "<group>"; };
		1A000000000000000000100F /* AppIcons.swift */ = {isa = PBXFileReference; lastKnownFileType = sourcecode.swift; path = AppIcons.swift; sourceTree = "<group>"; };
		1A0000000000000000001011 /* AppsPanel.swift */ = {isa = PBXFileReference; lastKnownFileType = sourcecode.swift; path = AppsPanel.swift; sourceTree = "<group>"; };
		1A0000000000000000001013 /* AudioStream.swift */ = {isa = PBXFileReference; lastKnownFileType = sourcecode.swift; path = AudioStream.swift; sourceTree = "<group>"; };
		1A0000000000000000001015 /* AvdCreator.swift */ = {isa = PBXFileReference; lastKnownFileType = sourcecode.swift; path = AvdCreator.swift; sourceTree = "<group>"; };
		1A0000000000000000001017 /* Base128.swift */ = {isa = PBXFileReference; lastKnownFileType = sourcecode.swift; path = Base128.swift; sourceTree = "<group>"; };
		1A0000000000000000001019 /* ControlMessages.swift */ = {isa = PBXFileReference; lastKnownFileType = sourcecode.swift; path = ControlMessages.swift; sourceTree = "<group>"; };
		1A000000000000000000101B /* ControlStrip.swift */ = {isa = PBXFileReference; lastKnownFileType = sourcecode.swift; path = ControlStrip.swift; sourceTree = "<group>"; };
		1A000000000000000000101D /* CrashesPanel.swift */ = {isa = PBXFileReference; lastKnownFileType = sourcecode.swift; path = CrashesPanel.swift; sourceTree = "<group>"; };
		1A000000000000000000101F /* DeviceInfoPanel.swift */ = {isa = PBXFileReference; lastKnownFileType = sourcecode.swift; path = DeviceInfoPanel.swift; sourceTree = "<group>"; };
		1A0000000000000000001021 /* DeviceSidebar.swift */ = {isa = PBXFileReference; lastKnownFileType = sourcecode.swift; path = DeviceSidebar.swift; sourceTree = "<group>"; };
		1A0000000000000000001023 /* DisplayShape.swift */ = {isa = PBXFileReference; lastKnownFileType = sourcecode.swift; path = DisplayShape.swift; sourceTree = "<group>"; };
		1A0000000000000000001025 /* EmulatorLauncher.swift */ = {isa = PBXFileReference; lastKnownFileType = sourcecode.swift; path = EmulatorLauncher.swift; sourceTree = "<group>"; };
		1A0000000000000000001027 /* EmulatorSession.swift */ = {isa = PBXFileReference; lastKnownFileType = sourcecode.swift; path = EmulatorSession.swift; sourceTree = "<group>"; };
		1A0000000000000000001029 /* EmulatorSetup.swift */ = {isa = PBXFileReference; lastKnownFileType = sourcecode.swift; path = EmulatorSetup.swift; sourceTree = "<group>"; };
		1A000000000000000000102B /* FilesPanel.swift */ = {isa = PBXFileReference; lastKnownFileType = sourcecode.swift; path = FilesPanel.swift; sourceTree = "<group>"; };
		1A000000000000000000102D /* FinderMount.swift */ = {isa = PBXFileReference; lastKnownFileType = sourcecode.swift; path = FinderMount.swift; sourceTree = "<group>"; };
		1A000000000000000000102F /* FrameRecorder.swift */ = {isa = PBXFileReference; lastKnownFileType = sourcecode.swift; path = FrameRecorder.swift; sourceTree = "<group>"; };
		1A0000000000000000001031 /* FusionTitlebar.swift */ = {isa = PBXFileReference; lastKnownFileType = sourcecode.swift; path = FusionTitlebar.swift; sourceTree = "<group>"; };
		1A0000000000000000001033 /* FusionWindow.swift */ = {isa = PBXFileReference; lastKnownFileType = sourcecode.swift; path = FusionWindow.swift; sourceTree = "<group>"; };
		1A0000000000000000001035 /* IconTabBar.swift */ = {isa = PBXFileReference; lastKnownFileType = sourcecode.swift; path = IconTabBar.swift; sourceTree = "<group>"; };
		1A0000000000000000001037 /* InspectorPane.swift */ = {isa = PBXFileReference; lastKnownFileType = sourcecode.swift; path = InspectorPane.swift; sourceTree = "<group>"; };
		1A0000000000000000001039 /* LogcatPanel.swift */ = {isa = PBXFileReference; lastKnownFileType = sourcecode.swift; path = LogcatPanel.swift; sourceTree = "<group>"; };
		1A000000000000000000103B /* LogcatWindow.swift */ = {isa = PBXFileReference; lastKnownFileType = sourcecode.swift; path = LogcatWindow.swift; sourceTree = "<group>"; };
		1A000000000000000000103D /* MirrorView.swift */ = {isa = PBXFileReference; lastKnownFileType = sourcecode.swift; path = MirrorView.swift; sourceTree = "<group>"; };
		1A000000000000000000103F /* Palette.swift */ = {isa = PBXFileReference; lastKnownFileType = sourcecode.swift; path = Palette.swift; sourceTree = "<group>"; };
		1A0000000000000000001041 /* ReceivedTray.swift */ = {isa = PBXFileReference; lastKnownFileType = sourcecode.swift; path = ReceivedTray.swift; sourceTree = "<group>"; };
		1A0000000000000000001043 /* ScreenWindow.swift */ = {isa = PBXFileReference; lastKnownFileType = sourcecode.swift; path = ScreenWindow.swift; sourceTree = "<group>"; };
		1A0000000000000000001045 /* SdkCatalog.swift */ = {isa = PBXFileReference; lastKnownFileType = sourcecode.swift; path = SdkCatalog.swift; sourceTree = "<group>"; };
		1A0000000000000000001047 /* SdkInstaller.swift */ = {isa = PBXFileReference; lastKnownFileType = sourcecode.swift; path = SdkInstaller.swift; sourceTree = "<group>"; };
		1A0000000000000000001049 /* SensorStream.swift */ = {isa = PBXFileReference; lastKnownFileType = sourcecode.swift; path = SensorStream.swift; sourceTree = "<group>"; };
		1A000000000000000000104B /* SettingsPanel.swift */ = {isa = PBXFileReference; lastKnownFileType = sourcecode.swift; path = SettingsPanel.swift; sourceTree = "<group>"; };
		1A000000000000000000104D /* ShareInbox.swift */ = {isa = PBXFileReference; lastKnownFileType = sourcecode.swift; path = ShareInbox.swift; sourceTree = "<group>"; };
		1A000000000000000000104F /* TCPSocket.swift */ = {isa = PBXFileReference; lastKnownFileType = sourcecode.swift; path = TCPSocket.swift; sourceTree = "<group>"; };
		1A0000000000000000001051 /* TwinView.swift */ = {isa = PBXFileReference; lastKnownFileType = sourcecode.swift; path = TwinView.swift; sourceTree = "<group>"; };
		1A0000000000000000001053 /* VideoDecoder.swift */ = {isa = PBXFileReference; lastKnownFileType = sourcecode.swift; path = VideoDecoder.swift; sourceTree = "<group>"; };
		1A0000000000000000001055 /* VideoPacket.swift */ = {isa = PBXFileReference; lastKnownFileType = sourcecode.swift; path = VideoPacket.swift; sourceTree = "<group>"; };
		1A0000000000000000001057 /* VideoStream.swift */ = {isa = PBXFileReference; lastKnownFileType = sourcecode.swift; path = VideoStream.swift; sourceTree = "<group>"; };
		1A0000000000000000001059 /* main.swift */ = {isa = PBXFileReference; lastKnownFileType = sourcecode.swift; path = main.swift; sourceTree = "<group>"; };
		1A0000000000000000002001 /* Info.plist */ = {isa = PBXFileReference; lastKnownFileType = text.plist.xml; path = Info.plist; sourceTree = "<group>"; };
		1A0000000000000000002003 /* AppIcon.icns */ = {isa = PBXFileReference; lastKnownFileType = image.icns; path = AppIcon.icns; sourceTree = "<group>"; };
		1A0000000000000000002002 /* rPlayHubAndroid.entitlements */ = {isa = PBXFileReference; lastKnownFileType = text.plist.entitlements; path = rPlayHubAndroid.entitlements; sourceTree = "<group>"; };
		1A0000000000000000003001 /* rPlayHubAndroid.app */ = {isa = PBXFileReference; explicitFileType = wrapper.application; includeInIndex = 0; path = rPlayHubAndroid.app; sourceTree = BUILT_PRODUCTS_DIR; };
		1A0000000000000000008001 /* FileProviderExtension.swift */ = {isa = PBXFileReference; lastKnownFileType = sourcecode.swift; path = FileProviderExtension.swift; sourceTree = "<group>"; };
		1A0000000000000000008003 /* PathIndex.swift */ = {isa = PBXFileReference; lastKnownFileType = sourcecode.swift; path = PathIndex.swift; sourceTree = "<group>"; };
		1A0000000000000000008005 /* PhoneEnumerator.swift */ = {isa = PBXFileReference; lastKnownFileType = sourcecode.swift; path = PhoneEnumerator.swift; sourceTree = "<group>"; };
		1A0000000000000000008007 /* PhoneItem.swift */ = {isa = PBXFileReference; lastKnownFileType = sourcecode.swift; path = PhoneItem.swift; sourceTree = "<group>"; };
		1A0000000000000000007001 /* Info.plist */ = {isa = PBXFileReference; lastKnownFileType = text.plist.xml; path = Info.plist; sourceTree = "<group>"; };
		1A0000000000000000007002 /* FinderMount.entitlements */ = {isa = PBXFileReference; lastKnownFileType = text.plist.entitlements; path = FinderMount.entitlements; sourceTree = "<group>"; };
		1A0000000000000000007003 /* FinderMount.appex */ = {isa = PBXFileReference; explicitFileType = "wrapper.app-extension"; includeInIndex = 0; path = FinderMount.appex; sourceTree = BUILT_PRODUCTS_DIR; };
/* End PBXFileReference section */

/* Begin PBXFrameworksBuildPhase section */
		1A0000000000000000005002 /* Frameworks */ = {
			isa = PBXFrameworksBuildPhase;
			buildActionMask = 2147483647;
			files = (
			);
			runOnlyForDeploymentPostprocessing = 0;
		};
		1A0000000000000000007007 /* Frameworks */ = {
			isa = PBXFrameworksBuildPhase;
			buildActionMask = 2147483647;
			files = (
			);
			runOnlyForDeploymentPostprocessing = 0;
		};
/* End PBXFrameworksBuildPhase section */

/* Begin PBXGroup section */
		1A0000000000000000004001 = {
			isa = PBXGroup;
			children = (
				1A0000000000000000004002 /* rPlayHubAndroid */,
				1A0000000000000000007005 /* FinderMount */,
				1A0000000000000000004003 /* Products */,
			);
			sourceTree = "<group>";
		};
		1A0000000000000000004002 /* rPlayHubAndroid */ = {
			isa = PBXGroup;
			children = (
				1A0000000000000000001001 /* Adb.swift */,
				1A0000000000000000001003 /* AdbFiles.swift */,
				1A0000000000000000001005 /* AgentSession.swift */,
				1A0000000000000000001007 /* AnnexB.swift */,
				1A0000000000000000001009 /* AoaHid.swift */,
				1A000000000000000000100B /* AppBuild.swift */,
				1A000000000000000000100D /* AppDelegate.swift */,
				1A000000000000000000100F /* AppIcons.swift */,
				1A0000000000000000001011 /* AppsPanel.swift */,
				1A0000000000000000001013 /* AudioStream.swift */,
				1A0000000000000000001015 /* AvdCreator.swift */,
				1A0000000000000000001017 /* Base128.swift */,
				1A0000000000000000001019 /* ControlMessages.swift */,
				1A000000000000000000101B /* ControlStrip.swift */,
				1A000000000000000000101D /* CrashesPanel.swift */,
				1A000000000000000000101F /* DeviceInfoPanel.swift */,
				1A0000000000000000001021 /* DeviceSidebar.swift */,
				1A0000000000000000001023 /* DisplayShape.swift */,
				1A0000000000000000001025 /* EmulatorLauncher.swift */,
				1A0000000000000000001027 /* EmulatorSession.swift */,
				1A0000000000000000001029 /* EmulatorSetup.swift */,
				1A000000000000000000102B /* FilesPanel.swift */,
				1A000000000000000000102D /* FinderMount.swift */,
				1A000000000000000000102F /* FrameRecorder.swift */,
				1A0000000000000000001031 /* FusionTitlebar.swift */,
				1A0000000000000000001033 /* FusionWindow.swift */,
				1A0000000000000000001035 /* IconTabBar.swift */,
				1A0000000000000000001037 /* InspectorPane.swift */,
				1A0000000000000000001039 /* LogcatPanel.swift */,
				1A000000000000000000103B /* LogcatWindow.swift */,
				1A000000000000000000103D /* MirrorView.swift */,
				1A000000000000000000103F /* Palette.swift */,
				1A0000000000000000001041 /* ReceivedTray.swift */,
				1A0000000000000000001043 /* ScreenWindow.swift */,
				1A0000000000000000001045 /* SdkCatalog.swift */,
				1A0000000000000000001047 /* SdkInstaller.swift */,
				1A0000000000000000001049 /* SensorStream.swift */,
				1A000000000000000000104B /* SettingsPanel.swift */,
				1A000000000000000000104D /* ShareInbox.swift */,
				1A000000000000000000104F /* TCPSocket.swift */,
				1A0000000000000000001051 /* TwinView.swift */,
				1A0000000000000000001053 /* VideoDecoder.swift */,
				1A0000000000000000001055 /* VideoPacket.swift */,
				1A0000000000000000001057 /* VideoStream.swift */,
				1A0000000000000000001059 /* main.swift */,
				1A0000000000000000002003 /* AppIcon.icns */,
				1A0000000000000000002001 /* Info.plist */,
				1A0000000000000000002002 /* rPlayHubAndroid.entitlements */,
			);
			path = rPlayHubAndroid;
			sourceTree = "<group>";
		};
		1A0000000000000000007005 /* FinderMount */ = {
			isa = PBXGroup;
			children = (
				1A0000000000000000008001 /* FileProviderExtension.swift */,
				1A0000000000000000008003 /* PathIndex.swift */,
				1A0000000000000000008005 /* PhoneEnumerator.swift */,
				1A0000000000000000008007 /* PhoneItem.swift */,
				1A0000000000000000007001 /* Info.plist */,
				1A0000000000000000007002 /* FinderMount.entitlements */,
			);
			path = FinderMount;
			sourceTree = "<group>";
		};
		1A0000000000000000004003 /* Products */ = {
			isa = PBXGroup;
			children = (
				1A0000000000000000003001 /* rPlayHubAndroid.app */,
				1A0000000000000000007003 /* FinderMount.appex */,
			);
			name = Products;
			sourceTree = "<group>";
		};
/* End PBXGroup section */

/* Begin PBXNativeTarget section */
		1A0000000000000000003002 /* rPlayHubAndroid */ = {
			isa = PBXNativeTarget;
			buildConfigurationList = 1A0000000000000000006002 /* Build configuration list for PBXNativeTarget "rPlayHubAndroid" */;
			buildPhases = (
				1A0000000000000000005001 /* Sources */,
				1A0000000000000000005002 /* Frameworks */,
				1A0000000000000000005003 /* Resources */,
				1A0000000000000000007008 /* Embed Foundation Extensions */,
				1A0000000000000000005004 /* Bundle agent + adb */,
			);
			buildRules = (
			);
			dependencies = (
				1A000000000000000000700C /* PBXTargetDependency */,
			);
			name = rPlayHubAndroid;
			productName = rPlayHubAndroid;
			productReference = 1A0000000000000000003001 /* rPlayHubAndroid.app */;
			productType = "com.apple.product-type.application";
		};
		1A0000000000000000007004 /* FinderMount */ = {
			isa = PBXNativeTarget;
			buildConfigurationList = 1A0000000000000000007009 /* Build configuration list for PBXNativeTarget "FinderMount" */;
			buildPhases = (
				1A0000000000000000007006 /* Sources */,
				1A0000000000000000007007 /* Frameworks */,
			);
			buildRules = (
			);
			dependencies = (
			);
			name = FinderMount;
			productName = FinderMount;
			productReference = 1A0000000000000000007003 /* FinderMount.appex */;
			productType = "com.apple.product-type.app-extension";
		};
/* End PBXNativeTarget section */

/* Begin PBXProject section */
		1A0000000000000000003003 /* Project object */ = {
			isa = PBXProject;
			attributes = {
				BuildIndependentTargetsInParallel = 1;
				LastSwiftUpdateCheck = 1500;
				LastUpgradeCheck = 1500;
				TargetAttributes = {
					1A0000000000000000003002 = {
						CreatedOnToolsVersion = 15.0;
					};
					1A0000000000000000007004 = {
						CreatedOnToolsVersion = 15.0;
					};
				};
			};
			buildConfigurationList = 1A0000000000000000006001 /* Build configuration list for PBXProject "rPlayHubAndroid" */;
			compatibilityVersion = "Xcode 14.0";
			developmentRegion = en;
			hasScannedForEncodings = 0;
			knownRegions = (
				en,
				Base,
			);
			mainGroup = 1A0000000000000000004001;
			productRefGroup = 1A0000000000000000004003 /* Products */;
			projectDirPath = "";
			projectRoot = "";
			targets = (
				1A0000000000000000003002 /* rPlayHubAndroid */,
				1A0000000000000000007004 /* FinderMount */,
			);
		};
/* End PBXProject section */

/* Begin PBXResourcesBuildPhase section */
		1A0000000000000000005003 /* Resources */ = {
			isa = PBXResourcesBuildPhase;
			buildActionMask = 2147483647;
			files = (
				1A0000000000000000002004 /* AppIcon.icns in Resources */,
			);
			runOnlyForDeploymentPostprocessing = 0;
		};
/* End PBXResourcesBuildPhase section */

/* Begin PBXShellScriptBuildPhase section */
		1A0000000000000000005004 /* Bundle agent + adb */ = {
			isa = PBXShellScriptBuildPhase;
			alwaysOutOfDate = 1;
			buildActionMask = 2147483647;
			files = (
			);
			inputPaths = (
			);
			name = "Bundle agent + adb";
			outputPaths = (
			);
			runOnlyForDeploymentPostprocessing = 0;
			shellPath = /bin/sh;
			shellScript = "set -e\nif [ \"${CONFIGURATION}\" != \"Release\" ]; then exit 0; fi\nAPP=\"${CODESIGNING_FOLDER_PATH}\"\nROOT=\"${SRCROOT}/..\"\nAGENT_DIR=\"${RPLAYHUB_AGENT_DIR:-$ROOT/build/agent}\"\nif [ -f \"$AGENT_DIR/screen-sharing-agent.jar\" ]; then\n  rm -rf \"$APP/Contents/Resources/agent\"\n  cp -R \"$AGENT_DIR\" \"$APP/Contents/Resources/agent\"\nelse\n  echo \"warning: no built agent at $AGENT_DIR - mirroring will not work\"\nfi\nADB=\"\"\nfor c in /opt/homebrew/share/android-commandlinetools/platform-tools/adb /opt/homebrew/bin/adb /usr/local/bin/adb; do\n  if [ -x \"$c\" ]; then ADB=\"$c\"; break; fi\ndone\nif [ -n \"$ADB\" ]; then\n  cp \"$ADB\" \"$APP/Contents/MacOS/adb\"\n  codesign --force --sign \"${EXPANDED_CODE_SIGN_IDENTITY:--}\" --options runtime --entitlements \"$ROOT/app/rPlayHubAndroid/adb-inherit.entitlements\" \"$APP/Contents/MacOS/adb\"\nelse\n  echo \"warning: no adb binary found to bundle\"\nfi\nBRIDGE=\"\"\nfor c in \"$ROOT/emulator-transport/.build/arm64-apple-macosx/release/emulator-bridge\" \"$ROOT/emulator-transport/.build/arm64-apple-macosx/debug/emulator-bridge\"; do\n  if [ -x \"$c\" ]; then BRIDGE=\"$c\"; break; fi\ndone\nif [ -n \"$BRIDGE\" ]; then\n  cp \"$BRIDGE\" \"$APP/Contents/MacOS/emulator-bridge\"\n  codesign --force --sign \"${EXPANDED_CODE_SIGN_IDENTITY:--}\" --options runtime --entitlements \"$ROOT/app/rPlayHubAndroid/adb-inherit.entitlements\" \"$APP/Contents/MacOS/emulator-bridge\"\nelse\n  echo \"warning: no emulator-bridge (cd emulator-transport && swift build -c release --product emulator-bridge) - emulator hosting will fall back to adb\"\nfi\nCOMPANION=\"$ROOT/helper/app/build/outputs/apk/debug/app-debug.apk\"\nif [ -f \"$COMPANION\" ]; then\n  cp \"$COMPANION\" \"$APP/Contents/Resources/companion.apk\"\nelse\n  echo \"warning: no companion apk (run tools/build-helper.sh) - Install Companion App will be unavailable\"\nfi";
		};
/* End PBXShellScriptBuildPhase section */

/* Begin PBXSourcesBuildPhase section */
		1A0000000000000000005001 /* Sources */ = {
			isa = PBXSourcesBuildPhase;
			buildActionMask = 2147483647;
			files = (
				1A0000000000000000001002 /* Adb.swift in Sources */,
				1A0000000000000000001004 /* AdbFiles.swift in Sources */,
				1A0000000000000000001006 /* AgentSession.swift in Sources */,
				1A0000000000000000001008 /* AnnexB.swift in Sources */,
				1A000000000000000000100A /* AoaHid.swift in Sources */,
				1A000000000000000000100C /* AppBuild.swift in Sources */,
				1A000000000000000000100E /* AppDelegate.swift in Sources */,
				1A0000000000000000001010 /* AppIcons.swift in Sources */,
				1A0000000000000000001012 /* AppsPanel.swift in Sources */,
				1A0000000000000000001014 /* AudioStream.swift in Sources */,
				1A0000000000000000001016 /* AvdCreator.swift in Sources */,
				1A0000000000000000001018 /* Base128.swift in Sources */,
				1A000000000000000000101A /* ControlMessages.swift in Sources */,
				1A000000000000000000101C /* ControlStrip.swift in Sources */,
				1A000000000000000000101E /* CrashesPanel.swift in Sources */,
				1A0000000000000000001020 /* DeviceInfoPanel.swift in Sources */,
				1A0000000000000000001022 /* DeviceSidebar.swift in Sources */,
				1A0000000000000000001024 /* DisplayShape.swift in Sources */,
				1A0000000000000000001026 /* EmulatorLauncher.swift in Sources */,
				1A0000000000000000001028 /* EmulatorSession.swift in Sources */,
				1A000000000000000000102A /* EmulatorSetup.swift in Sources */,
				1A000000000000000000102C /* FilesPanel.swift in Sources */,
				1A000000000000000000102E /* FinderMount.swift in Sources */,
				1A0000000000000000001030 /* FrameRecorder.swift in Sources */,
				1A0000000000000000001032 /* FusionTitlebar.swift in Sources */,
				1A0000000000000000001034 /* FusionWindow.swift in Sources */,
				1A0000000000000000001036 /* IconTabBar.swift in Sources */,
				1A0000000000000000001038 /* InspectorPane.swift in Sources */,
				1A000000000000000000103A /* LogcatPanel.swift in Sources */,
				1A000000000000000000103C /* LogcatWindow.swift in Sources */,
				1A000000000000000000103E /* MirrorView.swift in Sources */,
				1A0000000000000000001040 /* Palette.swift in Sources */,
				1A0000000000000000001042 /* ReceivedTray.swift in Sources */,
				1A0000000000000000001044 /* ScreenWindow.swift in Sources */,
				1A0000000000000000001046 /* SdkCatalog.swift in Sources */,
				1A0000000000000000001048 /* SdkInstaller.swift in Sources */,
				1A000000000000000000104A /* SensorStream.swift in Sources */,
				1A000000000000000000104C /* SettingsPanel.swift in Sources */,
				1A000000000000000000104E /* ShareInbox.swift in Sources */,
				1A0000000000000000001050 /* TCPSocket.swift in Sources */,
				1A0000000000000000001052 /* TwinView.swift in Sources */,
				1A0000000000000000001054 /* VideoDecoder.swift in Sources */,
				1A0000000000000000001056 /* VideoPacket.swift in Sources */,
				1A0000000000000000001058 /* VideoStream.swift in Sources */,
				1A000000000000000000105A /* main.swift in Sources */,
			);
			runOnlyForDeploymentPostprocessing = 0;
		};
		1A0000000000000000007006 /* Sources */ = {
			isa = PBXSourcesBuildPhase;
			buildActionMask = 2147483647;
			files = (
				1A0000000000000000008002 /* FileProviderExtension.swift in Sources */,
				1A0000000000000000008004 /* PathIndex.swift in Sources */,
				1A0000000000000000008006 /* PhoneEnumerator.swift in Sources */,
				1A0000000000000000008008 /* PhoneItem.swift in Sources */,
				1A0000000000000000008009 /* Adb.swift in Sources */,
				1A000000000000000000800A /* AdbFiles.swift in Sources */,
				1A000000000000000000800B /* TCPSocket.swift in Sources */,
			);
			runOnlyForDeploymentPostprocessing = 0;
		};
/* End PBXSourcesBuildPhase section */

/* Begin PBXTargetDependency section */
		1A000000000000000000700C /* PBXTargetDependency */ = {
			isa = PBXTargetDependency;
			target = 1A0000000000000000007004 /* FinderMount */;
			targetProxy = 1A000000000000000000700D /* PBXContainerItemProxy */;
		};
/* End PBXTargetDependency section */

/* Begin XCBuildConfiguration section */
		1A0000000000000000006003 /* Debug */ = {
			isa = XCBuildConfiguration;
			buildSettings = {
				ALWAYS_SEARCH_USER_PATHS = NO;
				CLANG_ENABLE_OBJC_ARC = YES;
				COPY_PHASE_STRIP = NO;
				ENABLE_STRICT_OBJC_MSGSEND = YES;
				GCC_NO_COMMON_BLOCKS = YES;
				MACOSX_DEPLOYMENT_TARGET = 13.0;
				SDKROOT = macosx;
				SWIFT_VERSION = 5.0;
				DEBUG_INFORMATION_FORMAT = dwarf;
				ENABLE_TESTABILITY = YES;
				GCC_OPTIMIZATION_LEVEL = 0;
				GCC_PREPROCESSOR_DEFINITIONS = (
					"DEBUG=1",
					"$(inherited)",
				);
				MTL_ENABLE_DEBUG_INFO = INCLUDE_SOURCE;
				ONLY_ACTIVE_ARCH = YES;
				SWIFT_ACTIVE_COMPILATION_CONDITIONS = DEBUG;
				SWIFT_OPTIMIZATION_LEVEL = "-Onone";
			};
			name = Debug;
		};
		1A0000000000000000006004 /* Release */ = {
			isa = XCBuildConfiguration;
			buildSettings = {
				ALWAYS_SEARCH_USER_PATHS = NO;
				CLANG_ENABLE_OBJC_ARC = YES;
				COPY_PHASE_STRIP = NO;
				ENABLE_STRICT_OBJC_MSGSEND = YES;
				GCC_NO_COMMON_BLOCKS = YES;
				MACOSX_DEPLOYMENT_TARGET = 13.0;
				SDKROOT = macosx;
				SWIFT_VERSION = 5.0;
				DEBUG_INFORMATION_FORMAT = "dwarf-with-dsym";
				ENABLE_NS_ASSERTIONS = NO;
				MTL_ENABLE_DEBUG_INFO = NO;
				SWIFT_COMPILATION_MODE = wholemodule;
				SWIFT_OPTIMIZATION_LEVEL = "-O";
			};
			name = Release;
		};
		1A0000000000000000006005 /* Debug */ = {
			isa = XCBuildConfiguration;
			buildSettings = {
				CODE_SIGN_ENTITLEMENTS = rPlayHubAndroid/rPlayHubAndroid-dev.entitlements;
				CODE_SIGN_STYLE = Automatic;
				COMBINE_HIDPI_IMAGES = YES;
				CURRENT_PROJECT_VERSION = 1;
				ENABLE_HARDENED_RUNTIME = YES;
				INFOPLIST_FILE = rPlayHubAndroid/Info.plist;
				LD_RUNPATH_SEARCH_PATHS = (
					"$(inherited)",
					"@executable_path/../Frameworks",
				);
				MARKETING_VERSION = 1.0;
				PRODUCT_BUNDLE_IDENTIFIER = ai.rplay.rplayhub.android;
				PRODUCT_NAME = "$(TARGET_NAME)";
			};
			name = Debug;
		};
		1A0000000000000000006006 /* Release */ = {
			isa = XCBuildConfiguration;
			buildSettings = {
				CODE_SIGN_ENTITLEMENTS = rPlayHubAndroid/rPlayHubAndroid.entitlements;
				CODE_SIGN_STYLE = Automatic;
				COMBINE_HIDPI_IMAGES = YES;
				CURRENT_PROJECT_VERSION = 1;
				ENABLE_HARDENED_RUNTIME = YES;
				INFOPLIST_FILE = rPlayHubAndroid/Info.plist;
				LD_RUNPATH_SEARCH_PATHS = (
					"$(inherited)",
					"@executable_path/../Frameworks",
				);
				MARKETING_VERSION = 1.0;
				PRODUCT_BUNDLE_IDENTIFIER = ai.rplay.rplayhub.android;
				PRODUCT_NAME = "$(TARGET_NAME)";
			};
			name = Release;
		};
		1A000000000000000000700A /* Debug */ = {
			isa = XCBuildConfiguration;
			buildSettings = {
				APPLICATION_EXTENSION_API_ONLY = YES;
				CODE_SIGN_ENTITLEMENTS = FinderMount/FinderMount.entitlements;
				CODE_SIGN_STYLE = Automatic;
				CURRENT_PROJECT_VERSION = 1;
				ENABLE_HARDENED_RUNTIME = YES;
				INFOPLIST_FILE = FinderMount/Info.plist;
				LD_RUNPATH_SEARCH_PATHS = (
					"$(inherited)",
					"@executable_path/../Frameworks",
					"@executable_path/../../../../Frameworks",
				);
				MARKETING_VERSION = 1.0;
				PRODUCT_BUNDLE_IDENTIFIER = ai.rplay.rplayhub.android.FinderMount;
				PRODUCT_NAME = "$(TARGET_NAME)";
				SKIP_INSTALL = YES;
			};
			name = Debug;
		};
		1A000000000000000000700B /* Release */ = {
			isa = XCBuildConfiguration;
			buildSettings = {
				APPLICATION_EXTENSION_API_ONLY = YES;
				CODE_SIGN_ENTITLEMENTS = FinderMount/FinderMount.entitlements;
				CODE_SIGN_STYLE = Automatic;
				CURRENT_PROJECT_VERSION = 1;
				ENABLE_HARDENED_RUNTIME = YES;
				INFOPLIST_FILE = FinderMount/Info.plist;
				LD_RUNPATH_SEARCH_PATHS = (
					"$(inherited)",
					"@executable_path/../Frameworks",
					"@executable_path/../../../../Frameworks",
				);
				MARKETING_VERSION = 1.0;
				PRODUCT_BUNDLE_IDENTIFIER = ai.rplay.rplayhub.android.FinderMount;
				PRODUCT_NAME = "$(TARGET_NAME)";
				SKIP_INSTALL = YES;
			};
			name = Release;
		};
/* End XCBuildConfiguration section */

/* Begin XCConfigurationList section */
		1A0000000000000000006001 /* Build configuration list for PBXProject "rPlayHubAndroid" */ = {
			isa = XCConfigurationList;
			buildConfigurations = (
				1A0000000000000000006003 /* Debug */,
				1A0000000000000000006004 /* Release */,
			);
			defaultConfigurationIsVisible = 0;
			defaultConfigurationName = Release;
		};
		1A0000000000000000006002 /* Build configuration list for PBXNativeTarget "rPlayHubAndroid" */ = {
			isa = XCConfigurationList;
			buildConfigurations = (
				1A0000000000000000006005 /* Debug */,
				1A0000000000000000006006 /* Release */,
			);
			defaultConfigurationIsVisible = 0;
			defaultConfigurationName = Release;
		};
		1A0000000000000000007009 /* Build configuration list for PBXNativeTarget "FinderMount" */ = {
			isa = XCConfigurationList;
			buildConfigurations = (
				1A000000000000000000700A /* Debug */,
				1A000000000000000000700B /* Release */,
			);
			defaultConfigurationIsVisible = 0;
			defaultConfigurationName = Release;
		};
/* End XCConfigurationList section */
	};
	rootObject = 1A0000000000000000003003 /* Project object */;
}
